
Microsoft Visual Studio Solution File, Format Version 12.00
# Visual Studio Version 16
VisualStudioVersion = 16.0.31613.86
MinimumVisualStudioVersion = 10.0.40219.1
Project("{FAE04EC0-301F-11D3-BF4B-00C04F79EFBC}") = "AzureAppConfigurationDemo", "AzureAppConfigurationDemo\AzureAppConfigurationDemo.csproj", "{0D2404E3-31E5-4D1C-9379-ECEB7F71AC1B}"
EndProject
Global
	GlobalSection(SolutionConfigurationPlatforms) = preSolution
		Debug|Any CPU = Debug|Any CPU
		Release|Any CPU = Release|Any CPU
	EndGlobalSection
	GlobalSection(ProjectConfigurationPlatforms) = postSolution
		{0D2404E3-31E5-4D1C-9379-ECEB7F71AC1B}.Debug|Any CPU.ActiveCfg = Debug|Any CPU
		{0D2404E3-31E5-4D1C-9379-ECEB7F71AC1B}.Debug|Any CPU.Build.0 = Debug|Any CPU
		{0D2404E3-31E5-4D1C-9379-ECEB7F71AC1B}.Release|Any CPU.ActiveCfg = Release|Any CPU
		{0D2404E3-31E5-4D1C-9379-ECEB7F71AC1B}.Release|Any CPU.Build.0 = Release|Any CPU
	EndGlobalSection
	GlobalSection(SolutionProperties) = preSolution
		HideSolutionNode = FALSE
	EndGlobalSection
	GlobalSection(ExtensibilityGlobals) = postSolution
		SolutionGuid = {FD7B5C7E-9167-4B80-BE91-3E7576BB5BEC}
	EndGlobalSection
EndGlobal
